
Microsoft Visual Studio Solution File, Format Version 12.00
# Visual Studio Version 17
VisualStudioVersion = 17.10.35122.118
MinimumVisualStudioVersion = 10.0.40219.1
Project("{FAE04EC0-301F-11D3-BF4B-00C04F79EFBC}") = "myfirstapi1", "myfirstapi1\myfirstapi1.csproj", "{E2329F5A-589D-4939-8D35-E3E1B07F70E0}"
EndProject
Global
	GlobalSection(SolutionConfigurationPlatforms) = preSolution
		Debug|Any CPU = Debug|Any CPU
		Release|Any CPU = Release|Any CPU
	EndGlobalSection
	GlobalSection(ProjectConfigurationPlatforms) = postSolution
		{E2329F5A-589D-4939-8D35-E3E1B07F70E0}.Debug|Any CPU.ActiveCfg = Debug|Any CPU
		{E2329F5A-589D-4939-8D35-E3E1B07F70E0}.Debug|Any CPU.Build.0 = Debug|Any CPU
		{E2329F5A-589D-4939-8D35-E3E1B07F70E0}.Release|Any CPU.ActiveCfg = Release|Any CPU
		{E2329F5A-589D-4939-8D35-E3E1B07F70E0}.Release|Any CPU.Build.0 = Release|Any CPU
	EndGlobalSection
	GlobalSection(SolutionProperties) = preSolution
		HideSolutionNode = FALSE
	EndGlobalSection
	GlobalSection(ExtensibilityGlobals) = postSolution
		SolutionGuid = {64C66831-99FD-4D50-BBEB-AAF2BA2ED9D2}
	EndGlobalSection
EndGlobal
